Microsoft Visual Studio Solution File, Format Version 12.00
# Visual Studio 15
VisualStudioVersion = 15.0.26730.12
MinimumVisualStudioVersion = 15.0.26730.12
Project("{FAE04EC0-301F-11D3-BF4B-00C04F79EFBC}") = "AsyncPagesMVC", "AsyncPagesMVC\AsyncPagesMVC.csproj", "{2584A71C-FA6F-41A1-B486-F56E4C18905B}"
EndProject
Project("{9A19103F-16F7-4668-BE54-9A1E7A4F7556}") = "Shared", "Shared\Shared.csproj", "{B363FF88-1C00-4FB6-A22E-44E2FB754944}"
EndProject
Project("{9A19103F-16F7-4668-BE54-9A1E7A4F7556}") = "Server", "Server\Server.csproj", "{A3BB0A47-13FE-4021-B4E2-5453CB73753A}"
EndProject
Project("{FAE04EC0-301F-11D3-BF4B-00C04F79EFBC}") = "ClientRestSharp", "ClientRestSharp\ClientRestSharp.csproj", "{AB1D966C-F925-48FE-B30C-A732B96AAB4A}"
EndProject
Global
	GlobalSection(SolutionConfigurationPlatforms) = preSolution
		Debug|Any CPU = Debug|Any CPU
		Release|Any CPU = Release|Any CPU
	EndGlobalSection
	GlobalSection(ProjectConfigurationPlatforms) = postSolution
		{2584A71C-FA6F-41A1-B486-F56E4C18905B}.Debug|Any CPU.ActiveCfg = Debug|Any CPU
		{2584A71C-FA6F-41A1-B486-F56E4C18905B}.Debug|Any CPU.Build.0 = Debug|Any CPU
		{2584A71C-FA6F-41A1-B486-F56E4C18905B}.Release|Any CPU.ActiveCfg = Debug|Any CPU
		{2584A71C-FA6F-41A1-B486-F56E4C18905B}.Release|Any CPU.Build.0 = Debug|Any CPU
		{B363FF88-1C00-4FB6-A22E-44E2FB754944}.Debug|Any CPU.ActiveCfg = Debug|Any CPU
		{B363FF88-1C00-4FB6-A22E-44E2FB754944}.Debug|Any CPU.Build.0 = Debug|Any CPU
		{B363FF88-1C00-4FB6-A22E-44E2FB754944}.Release|Any CPU.ActiveCfg = Release|Any CPU
		{B363FF88-1C00-4FB6-A22E-44E2FB754944}.Release|Any CPU.Build.0 = Release|Any CPU
		{A3BB0A47-13FE-4021-B4E2-5453CB73753A}.Debug|Any CPU.ActiveCfg = Debug|Any CPU
		{A3BB0A47-13FE-4021-B4E2-5453CB73753A}.Debug|Any CPU.Build.0 = Debug|Any CPU
		{A3BB0A47-13FE-4021-B4E2-5453CB73753A}.Release|Any CPU.ActiveCfg = Release|Any CPU
		{A3BB0A47-13FE-4021-B4E2-5453CB73753A}.Release|Any CPU.Build.0 = Release|Any CPU
		{AB1D966C-F925-48FE-B30C-A732B96AAB4A}.Debug|Any CPU.ActiveCfg = Debug|Any CPU
		{AB1D966C-F925-48FE-B30C-A732B96AAB4A}.Debug|Any CPU.Build.0 = Debug|Any CPU
		{AB1D966C-F925-48FE-B30C-A732B96AAB4A}.Release|Any CPU.ActiveCfg = Release|Any CPU
		{AB1D966C-F925-48FE-B30C-A732B96AAB4A}.Release|Any CPU.Build.0 = Release|Any CPU
	EndGlobalSection
	GlobalSection(SolutionProperties) = preSolution
		HideSolutionNode = FALSE
	EndGlobalSection
	GlobalSection(ExtensibilityGlobals) = postSolution
		SolutionGuid = {D17AD63E-B1F3-4B8A-9A52-2B7C2A25ABC5}
	EndGlobalSection
EndGlobal
